
Microsoft Visual Studio Solution File, Format Version 12.00
# Visual Studio 15
VisualStudioVersion = 15.0.28307.271
MinimumVisualStudioVersion = 10.0.40219.1
Project("{FAE04EC0-301F-11D3-BF4B-00C04F79EFBC}") = "WritingGit.App.Android", "WritingGit.App\WritingGit.App.Android\WritingGit.App.Android.csproj", "{24CE3C36-16B9-426D-AA0C-5961ECF8D88C}"
EndProject
Project("{FAE04EC0-301F-11D3-BF4B-00C04F79EFBC}") = "WritingGit.App.iOS", "WritingGit.App\WritingGit.App.iOS\WritingGit.App.iOS.csproj", "{DA46E55D-71C2-4E65-8998-FB38F23C5E95}"
EndProject
Project("{FAE04EC0-301F-11D3-BF4B-00C04F79EFBC}") = "WritingGit.App.UWP", "WritingGit.App\WritingGit.App.UWP\WritingGit.App.UWP.csproj", "{C779C831-FD3D-441E-8635-8CE6DB5D288F}"
EndProject
Project("{FAE04EC0-301F-11D3-BF4B-00C04F79EFBC}") = "WritingGit.App", "WritingGit.App\WritingGit.App\WritingGit.App.csproj", "{BD7FD6DE-3E6D-4F61-8EA1-9BE65A6577E6}"
EndProject
Global
	GlobalSection(SolutionConfigurationPlatforms) = preSolution
		Debug|Any CPU = Debug|Any CPU
		Debug|ARM = Debug|ARM
		Debug|iPhone = Debug|iPhone
		Debug|iPhoneSimulator = Debug|iPhoneSimulator
		Debug|x64 = Debug|x64
		Debug|x86 = Debug|x86
		Release|Any CPU = Release|Any CPU
		Release|ARM = Release|ARM
		Release|iPhone = Release|iPhone
		Release|iPhoneSimulator = Release|iPhoneSimulator
		Release|x64 = Release|x64
		Release|x86 = Release|x86
	EndGlobalSection
	GlobalSection(ProjectConfigurationPlatforms) = postSolution
		{24CE3C36-16B9-426D-AA0C-5961ECF8D88C}.Debug|Any CPU.ActiveCfg = Debug|Any CPU
		{24CE3C36-16B9-426D-AA0C-5961ECF8D88C}.Debug|Any CPU.Build.0 = Debug|Any CPU
		{24CE3C36-16B9-426D-AA0C-5961ECF8D88C}.Debug|Any CPU.Deploy.0 = Debug|Any CPU
		{24CE3C36-16B9-426D-AA0C-5961ECF8D88C}.Debug|ARM.ActiveCfg = Debug|Any CPU
		{24CE3C36-16B9-426D-AA0C-5961ECF8D88C}.Debug|ARM.Build.0 = Debug|Any CPU
		{24CE3C36-16B9-426D-AA0C-5961ECF8D88C}.Debug|ARM.Deploy.0 = Debug|Any CPU
		{24CE3C36-16B9-426D-AA0C-5961ECF8D88C}.Debug|iPhone.ActiveCfg = Debug|Any CPU
		{24CE3C36-16B9-426D-AA0C-5961ECF8D88C}.Debug|iPhone.Build.0 = Debug|Any CPU
		{24CE3C36-16B9-426D-AA0C-5961ECF8D88C}.Debug|iPhone.Deploy.0 = Debug|Any CPU
		{24CE3C36-16B9-426D-AA0C-5961ECF8D88C}.Debug|iPhoneSimulator.ActiveCfg = Debug|Any CPU
		{24CE3C36-16B9-426D-AA0C-5961ECF8D88C}.Debug|iPhoneSimulator.Build.0 = Debug|Any CPU
		{24CE3C36-16B9-426D-AA0C-5961ECF8D88C}.Debug|iPhoneSimulator.Deploy.0 = Debug|Any CPU
		{24CE3C36-16B9-426D-AA0C-5961ECF8D88C}.Debug|x64.ActiveCfg = Debug|Any CPU
		{24CE3C36-16B9-426D-AA0C-5961ECF8D88C}.Debug|x64.Build.0 = Debug|Any CPU
		{24CE3C36-16B9-426D-AA0C-5961ECF8D88C}.Debug|x64.Deploy.0 = Debug|Any CPU
		{24CE3C36-16B9-426D-AA0C-5961ECF8D88C}.Debug|x86.ActiveCfg = Debug|Any CPU
		{24CE3C36-16B9-426D-AA0C-5961ECF8D88C}.Debug|x86.Build.0 = Debug|Any CPU
		{24CE3C36-16B9-426D-AA0C-5961ECF8D88C}.Debug|x86.Deploy.0 = Debug|Any CPU
		{24CE3C36-16B9-426D-AA0C-5961ECF8D88C}.Release|Any CPU.ActiveCfg = Release|Any CPU
		{24CE3C36-16B9-426D-AA0C-5961ECF8D88C}.Release|Any CPU.Build.0 = Release|Any CPU
		{24CE3C36-16B9-426D-AA0C-5961ECF8D88C}.Release|Any CPU.Deploy.0 = Release|Any CPU
		{24CE3C36-16B9-426D-AA0C-5961ECF8D88C}.Release|ARM.ActiveCfg = Release|Any CPU
		{24CE3C36-16B9-426D-AA0C-5961ECF8D88C}.Release|ARM.Build.0 = Release|Any CPU
		{24CE3C36-16B9-426D-AA0C-5961ECF8D88C}.Release|ARM.Deploy.0 = Release|Any CPU
		{24CE3C36-16B9-426D-AA0C-5961ECF8D88C}.Release|iPhone.ActiveCfg = Release|Any CPU
		{24CE3C36-16B9-426D-AA0C-5961ECF8D88C}.Release|iPhone.Build.0 = Release|Any CPU
		{24CE3C36-16B9-426D-AA0C-5961ECF8D88C}.Release|iPhone.Deploy.0 = Release|Any CPU
		{24CE3C36-16B9-426D-AA0C-5961ECF8D88C}.Release|iPhoneSimulator.ActiveCfg = Release|Any CPU
		{24CE3C36-16B9-426D-AA0C-5961ECF8D88C}.Release|iPhoneSimulator.Build.0 = Release|Any CPU
		{24CE3C36-16B9-426D-AA0C-5961ECF8D88C}.Release|iPhoneSimulator.Deploy.0 = Release|Any CPU
		{24CE3C36-16B9-426D-AA0C-5961ECF8D88C}.Release|x64.ActiveCfg = Release|Any CPU
		{24CE3C36-16B9-426D-AA0C-5961ECF8D88C}.Release|x64.Build.0 = Release|Any CPU
		{24CE3C36-16B9-426D-AA0C-5961ECF8D88C}.Release|x64.Deploy.0 = Release|Any CPU
		{24CE3C36-16B9-426D-AA0C-5961ECF8D88C}.Release|x86.ActiveCfg = Release|Any CPU
		{24CE3C36-16B9-426D-AA0C-5961ECF8D88C}.Release|x86.Build.0 = Release|Any CPU
		{24CE3C36-16B9-426D-AA0C-5961ECF8D88C}.Release|x86.Deploy.0 = Release|Any CPU
		{DA46E55D-71C2-4E65-8998-FB38F23C5E95}.Debug|Any CPU.ActiveCfg = Debug|iPhoneSimulator
		{DA46E55D-71C2-4E65-8998-FB38F23C5E95}.Debug|Any CPU.Build.0 = Debug|iPhoneSimulator
		{DA46E55D-71C2-4E65-8998-FB38F23C5E95}.Debug|Any CPU.Deploy.0 = Debug|iPhoneSimulator
		{DA46E55D-71C2-4E65-8998-FB38F23C5E95}.Debug|ARM.ActiveCfg = Debug|iPhone
		{DA46E55D-71C2-4E65-8998-FB38F23C5E95}.Debug|ARM.Build.0 = Debug|iPhone
		{DA46E55D-71C2-4E65-8998-FB38F23C5E95}.Debug|ARM.Deploy.0 = Debug|iPhone
		{DA46E55D-71C2-4E65-8998-FB38F23C5E95}.Debug|iPhone.ActiveCfg = Debug|iPhone
		{DA46E55D-71C2-4E65-8998-FB38F23C5E95}.Debug|iPhone.Build.0 = Debug|iPhone
		{DA46E55D-71C2-4E65-8998-FB38F23C5E95}.Debug|iPhone.Deploy.0 = Debug|iPhone
		{DA46E55D-71C2-4E65-8998-FB38F23C5E95}.Debug|iPhoneSimulator.ActiveCfg = Debug|iPhoneSimulator
		{DA46E55D-71C2-4E65-8998-FB38F23C5E95}.Debug|iPhoneSimulator.Build.0 = Debug|iPhoneSimulator
		{DA46E55D-71C2-4E65-8998-FB38F23C5E95}.Debug|iPhoneSimulator.Deploy.0 = Debug|iPhoneSimulator
		{DA46E55D-71C2-4E65-8998-FB38F23C5E95}.Debug|x64.ActiveCfg = Debug|iPhone
		{DA46E55D-71C2-4E65-8998-FB38F23C5E95}.Debug|x64.Build.0 = Debug|iPhone
		{DA46E55D-71C2-4E65-8998-FB38F23C5E95}.Debug|x64.Deploy.0 = Debug|iPhone
		{DA46E55D-71C2-4E65-8998-FB38F23C5E95}.Debug|x86.ActiveCfg = Debug|iPhone
		{DA46E55D-71C2-4E65-8998-FB38F23C5E95}.Debug|x86.Build.0 = Debug|iPhone
		{DA46E55D-71C2-4E65-8998-FB38F23C5E95}.Debug|x86.Deploy.0 = Debug|iPhone
		{DA46E55D-71C2-4E65-8998-FB38F23C5E95}.Release|Any CPU.ActiveCfg = Release|iPhone
		{DA46E55D-71C2-4E65-8998-FB38F23C5E95}.Release|Any CPU.Build.0 = Release|iPhone
		{DA46E55D-71C2-4E65-8998-FB38F23C5E95}.Release|Any CPU.Deploy.0 = Release|iPhone
		{DA46E55D-71C2-4E65-8998-FB38F23C5E95}.Release|ARM.ActiveCfg = Release|iPhone
		{DA46E55D-71C2-4E65-8998-FB38F23C5E95}.Release|ARM.Build.0 = Release|iPhone
		{DA46E55D-71C2-4E65-8998-FB38F23C5E95}.Release|ARM.Deploy.0 = Release|iPhone
		{DA46E55D-71C2-4E65-8998-FB38F23C5E95}.Release|iPhone.ActiveCfg = Release|iPhone
		{DA46E55D-71C2-4E65-8998-FB38F23C5E95}.Release|iPhone.Build.0 = Release|iPhone
		{DA46E55D-71C2-4E65-8998-FB38F23C5E95}.Release|iPhone.Deploy.0 = Release|iPhone
		{DA46E55D-71C2-4E65-8998-FB38F23C5E95}.Release|iPhoneSimulator.ActiveCfg = Release|iPhoneSimulator
		{DA46E55D-71C2-4E65-8998-FB38F23C5E95}.Release|iPhoneSimulator.Build.0 = Release|iPhoneSimulator
		{DA46E55D-71C2-4E65-8998-FB38F23C5E95}.Release|iPhoneSimulator.Deploy.0 = Release|iPhoneSimulator
		{DA46E55D-71C2-4E65-8998-FB38F23C5E95}.Release|x64.ActiveCfg = Release|iPhone
		{DA46E55D-71C2-4E65-8998-FB38F23C5E95}.Release|x64.Build.0 = Release|iPhone
		{DA46E55D-71C2-4E65-8998-FB38F23C5E95}.Release|x64.Deploy.0 = Release|iPhone
		{DA46E55D-71C2-4E65-8998-FB38F23C5E95}.Release|x86.ActiveCfg = Release|iPhone
		{DA46E55D-71C2-4E65-8998-FB38F23C5E95}.Release|x86.Build.0 = Release|iPhone
		{DA46E55D-71C2-4E65-8998-FB38F23C5E95}.Release|x86.Deploy.0 = Release|iPhone
		{C779C831-FD3D-441E-8635-8CE6DB5D288F}.Debug|Any CPU.ActiveCfg = Debug|x86
		{C779C831-FD3D-441E-8635-8CE6DB5D288F}.Debug|Any CPU.Build.0 = Debug|x86
		{C779C831-FD3D-441E-8635-8CE6DB5D288F}.Debug|Any CPU.Deploy.0 = Debug|x86
		{C779C831-FD3D-441E-8635-8CE6DB5D288F}.Debug|ARM.ActiveCfg = Debug|ARM
		{C779C831-FD3D-441E-8635-8CE6DB5D288F}.Debug|ARM.Build.0 = Debug|ARM
		{C779C831-FD3D-441E-8635-8CE6DB5D288F}.Debug|ARM.Deploy.0 = Debug|ARM
		{C779C831-FD3D-441E-8635-8CE6DB5D288F}.Debug|iPhone.ActiveCfg = Debug|x86
		{C779C831-FD3D-441E-8635-8CE6DB5D288F}.Debug|iPhone.Build.0 = Debug|x86
		{C779C831-FD3D-441E-8635-8CE6DB5D288F}.Debug|iPhone.Deploy.0 = Debug|x86
		{C779C831-FD3D-441E-8635-8CE6DB5D288F}.Debug|iPhoneSimulator.ActiveCfg = Debug|x86
		{C779C831-FD3D-441E-8635-8CE6DB5D288F}.Debug|iPhoneSimulator.Build.0 = Debug|x86
		{C779C831-FD3D-441E-8635-8CE6DB5D288F}.Debug|iPhoneSimulator.Deploy.0 = Debug|x86
		{C779C831-FD3D-441E-8635-8CE6DB5D288F}.Debug|x64.ActiveCfg = Debug|x64
		{C779C831-FD3D-441E-8635-8CE6DB5D288F}.Debug|x64.Build.0 = Debug|x64
		{C779C831-FD3D-441E-8635-8CE6DB5D288F}.Debug|x64.Deploy.0 = Debug|x64
		{C779C831-FD3D-441E-8635-8CE6DB5D288F}.Debug|x86.ActiveCfg = Debug|x86
		{C779C831-FD3D-441E-8635-8CE6DB5D288F}.Debug|x86.Build.0 = Debug|x86
		{C779C831-FD3D-441E-8635-8CE6DB5D288F}.Debug|x86.Deploy.0 = Debug|x86
		{C779C831-FD3D-441E-8635-8CE6DB5D288F}.Release|Any CPU.ActiveCfg = Release|x86
		{C779C831-FD3D-441E-8635-8CE6DB5D288F}.Release|Any CPU.Build.0 = Release|x86
		{C779C831-FD3D-441E-8635-8CE6DB5D288F}.Release|Any CPU.Deploy.0 = Release|x86
		{C779C831-FD3D-441E-8635-8CE6DB5D288F}.Release|ARM.ActiveCfg = Release|ARM
		{C779C831-FD3D-441E-8635-8CE6DB5D288F}.Release|ARM.Build.0 = Release|ARM
		{C779C831-FD3D-441E-8635-8CE6DB5D288F}.Release|ARM.Deploy.0 = Release|ARM
		{C779C831-FD3D-441E-8635-8CE6DB5D288F}.Release|iPhone.ActiveCfg = Release|x86
		{C779C831-FD3D-441E-8635-8CE6DB5D288F}.Release|iPhone.Build.0 = Release|x86
		{C779C831-FD3D-441E-8635-8CE6DB5D288F}.Release|iPhone.Deploy.0 = Release|x86
		{C779C831-FD3D-441E-8635-8CE6DB5D288F}.Release|iPhoneSimulator.ActiveCfg = Release|x86
		{C779C831-FD3D-441E-8635-8CE6DB5D288F}.Release|iPhoneSimulator.Build.0 = Release|x86
		{C779C831-FD3D-441E-8635-8CE6DB5D288F}.Release|iPhoneSimulator.Deploy.0 = Release|x86
		{C779C831-FD3D-441E-8635-8CE6DB5D288F}.Release|x64.ActiveCfg = Release|x64
		{C779C831-FD3D-441E-8635-8CE6DB5D288F}.Release|x64.Build.0 = Release|x64
		{C779C831-FD3D-441E-8635-8CE6DB5D288F}.Release|x64.Deploy.0 = Release|x64
		{C779C831-FD3D-441E-8635-8CE6DB5D288F}.Release|x86.ActiveCfg = Release|x86
		{C779C831-FD3D-441E-8635-8CE6DB5D288F}.Release|x86.Build.0 = Release|x86
		{C779C831-FD3D-441E-8635-8CE6DB5D288F}.Release|x86.Deploy.0 = Release|x86
		{BD7FD6DE-3E6D-4F61-8EA1-9BE65A6577E6}.Debug|Any CPU.ActiveCfg = Debug|Any CPU
		{BD7FD6DE-3E6D-4F61-8EA1-9BE65A6577E6}.Debug|Any CPU.Build.0 = Debug|Any CPU
		{BD7FD6DE-3E6D-4F61-8EA1-9BE65A6577E6}.Debug|Any CPU.Deploy.0 = Debug|Any CPU
		{BD7FD6DE-3E6D-4F61-8EA1-9BE65A6577E6}.Debug|ARM.ActiveCfg = Debug|Any CPU
		{BD7FD6DE-3E6D-4F61-8EA1-9BE65A6577E6}.Debug|ARM.Build.0 = Debug|Any CPU
		{BD7FD6DE-3E6D-4F61-8EA1-9BE65A6577E6}.Debug|ARM.Deploy.0 = Debug|Any CPU
		{BD7FD6DE-3E6D-4F61-8EA1-9BE65A6577E6}.Debug|iPhone.ActiveCfg = Debug|Any CPU
		{BD7FD6DE-3E6D-4F61-8EA1-9BE65A6577E6}.Debug|iPhone.Build.0 = Debug|Any CPU
		{BD7FD6DE-3E6D-4F61-8EA1-9BE65A6577E6}.Debug|iPhone.Deploy.0 = Debug|Any CPU
		{BD7FD6DE-3E6D-4F61-8EA1-9BE65A6577E6}.Debug|iPhoneSimulator.ActiveCfg = Debug|Any CPU
		{BD7FD6DE-3E6D-4F61-8EA1-9BE65A6577E6}.Debug|iPhoneSimulator.Build.0 = Debug|Any CPU
		{BD7FD6DE-3E6D-4F61-8EA1-9BE65A6577E6}.Debug|iPhoneSimulator.Deploy.0 = Debug|Any CPU
		{BD7FD6DE-3E6D-4F61-8EA1-9BE65A6577E6}.Debug|x64.ActiveCfg = Debug|Any CPU
		{BD7FD6DE-3E6D-4F61-8EA1-9BE65A6577E6}.Debug|x64.Build.0 = Debug|Any CPU
		{BD7FD6DE-3E6D-4F61-8EA1-9BE65A6577E6}.Debug|x64.Deploy.0 = Debug|Any CPU
		{BD7FD6DE-3E6D-4F61-8EA1-9BE65A6577E6}.Debug|x86.ActiveCfg = Debug|Any CPU
		{BD7FD6DE-3E6D-4F61-8EA1-9BE65A6577E6}.Debug|x86.Build.0 = Debug|Any CPU
		{BD7FD6DE-3E6D-4F61-8EA1-9BE65A6577E6}.Debug|x86.Deploy.0 = Debug|Any CPU
		{BD7FD6DE-3E6D-4F61-8EA1-9BE65A6577E6}.Release|Any CPU.ActiveCfg = Release|Any CPU
		{BD7FD6DE-3E6D-4F61-8EA1-9BE65A6577E6}.Release|Any CPU.Build.0 = Release|Any CPU
		{BD7FD6DE-3E6D-4F61-8EA1-9BE65A6577E6}.Release|Any CPU.Deploy.0 = Release|Any CPU
		{BD7FD6DE-3E6D-4F61-8EA1-9BE65A6577E6}.Release|ARM.ActiveCfg = Release|Any CPU
		{BD7FD6DE-3E6D-4F61-8EA1-9BE65A6577E6}.Release|ARM.Build.0 = Release|Any CPU
		{BD7FD6DE-3E6D-4F61-8EA1-9BE65A6577E6}.Release|ARM.Deploy.0 = Release|Any CPU
		{BD7FD6DE-3E6D-4F61-8EA1-9BE65A6577E6}.Release|iPhone.ActiveCfg = Release|Any CPU
		{BD7FD6DE-3E6D-4F61-8EA1-9BE65A6577E6}.Release|iPhone.Build.0 = Release|Any CPU
		{BD7FD6DE-3E6D-4F61-8EA1-9BE65A6577E6}.Release|iPhone.Deploy.0 = Release|Any CPU
		{BD7FD6DE-3E6D-4F61-8EA1-9BE65A6577E6}.Release|iPhoneSimulator.ActiveCfg = Release|Any CPU
		{BD7FD6DE-3E6D-4F61-8EA1-9BE65A6577E6}.Release|iPhoneSimulator.Build.0 = Release|Any CPU
		{BD7FD6DE-3E6D-4F61-8EA1-9BE65A6577E6}.Release|iPhoneSimulator.Deploy.0 = Release|Any CPU
		{BD7FD6DE-3E6D-4F61-8EA1-9BE65A6577E6}.Release|x64.ActiveCfg = Release|Any CPU
		{BD7FD6DE-3E6D-4F61-8EA1-9BE65A6577E6}.Release|x64.Build.0 = Release|Any CPU
		{BD7FD6DE-3E6D-4F61-8EA1-9BE65A6577E6}.Release|x64.Deploy.0 = Release|Any CPU
		{BD7FD6DE-3E6D-4F61-8EA1-9BE65A6577E6}.Release|x86.ActiveCfg = Release|Any CPU
		{BD7FD6DE-3E6D-4F61-8EA1-9BE65A6577E6}.Release|x86.Build.0 = Release|Any CPU
		{BD7FD6DE-3E6D-4F61-8EA1-9BE65A6577E6}.Release|x86.Deploy.0 = Release|Any CPU
	EndGlobalSection
	GlobalSection(SolutionProperties) = preSolution
		HideSolutionNode = FALSE
	EndGlobalSection
	GlobalSection(ExtensibilityGlobals) = postSolution
		SolutionGuid = {0D398BF7-DA9A-4F0F-A77C-0DCE647E8F5D}
	EndGlobalSection
EndGlobal
