
Microsoft Visual Studio Solution File, Format Version 12.00
# Visual Studio Version 16
VisualStudioVersion = 16.0.30011.22
MinimumVisualStudioVersion = 10.0.40219.1
Project("{9A19103F-16F7-4668-BE54-9A1E7A4F7556}") = "WritingGit.Core", "WritingGit.Core\WritingGit.Core.csproj", "{61E7BFDB-F752-4437-92A2-70A6DE857404}"
EndProject
Project("{9A19103F-16F7-4668-BE54-9A1E7A4F7556}") = "WritingGit.WPF", "WritingGit.WPF\WritingGit.WPF.csproj", "{EF220E20-C0B9-48C4-AFD1-AFD59FF18B73}"
EndProject
Global
	GlobalSection(SolutionConfigurationPlatforms) = preSolution
		Debug|Any CPU = Debug|Any CPU
		Release|Any CPU = Release|Any CPU
	EndGlobalSection
	GlobalSection(ProjectConfigurationPlatforms) = postSolution
		{61E7BFDB-F752-4437-92A2-70A6DE857404}.Debug|Any CPU.ActiveCfg = Debug|Any CPU
		{61E7BFDB-F752-4437-92A2-70A6DE857404}.Debug|Any CPU.Build.0 = Debug|Any CPU
		{61E7BFDB-F752-4437-92A2-70A6DE857404}.Release|Any CPU.ActiveCfg = Release|Any CPU
		{61E7BFDB-F752-4437-92A2-70A6DE857404}.Release|Any CPU.Build.0 = Release|Any CPU
		{EF220E20-C0B9-48C4-AFD1-AFD59FF18B73}.Debug|Any CPU.ActiveCfg = Debug|Any CPU
		{EF220E20-C0B9-48C4-AFD1-AFD59FF18B73}.Debug|Any CPU.Build.0 = Debug|Any CPU
		{EF220E20-C0B9-48C4-AFD1-AFD59FF18B73}.Release|Any CPU.ActiveCfg = Release|Any CPU
		{EF220E20-C0B9-48C4-AFD1-AFD59FF18B73}.Release|Any CPU.Build.0 = Release|Any CPU
	EndGlobalSection
	GlobalSection(SolutionProperties) = preSolution
		HideSolutionNode = FALSE
	EndGlobalSection
	GlobalSection(ExtensibilityGlobals) = postSolution
		SolutionGuid = {0E68AF58-2CAC-42E7-89DA-6C7159ED0D78}
	EndGlobalSection
EndGlobal
