
Microsoft Visual Studio Solution File, Format Version 12.00
# Visual Studio 15
VisualStudioVersion = 15.0.28307.271
MinimumVisualStudioVersion = 10.0.40219.1
Project("{FAE04EC0-301F-11D3-BF4B-00C04F79EFBC}") = "WritingGit.App.Android", "WritingGit\WritingGit.App.Android\WritingGit.App.Android.csproj", "{24CE3C36-16B9-426D-AA0C-5961ECF8D88C}"
EndProject
Project("{FAE04EC0-301F-11D3-BF4B-00C04F79EFBC}") = "WritingGit.App.iOS", "WritingGit\WritingGit.App.iOS\WritingGit.App.iOS.csproj", "{B896F23A-A2E5-43A7-A75F-282129211A18}"
EndProject
Project("{FAE04EC0-301F-11D3-BF4B-00C04F79EFBC}") = "WritingGit.App.UWP", "WritingGit\WritingGit.App.UWP\WritingGit.App.UWP.csproj", "{5B089D5B-3F1D-4C7F-8D4F-8F884C4D4843}"
EndProject
Project("{9A19103F-16F7-4668-BE54-9A1E7A4F7556}") = "WritingGit.App", "WritingGit\WritingGit.App\WritingGit.App.csproj", "{979905B0-FA8C-4653-89D4-02C519F471F9}"
EndProject
Project("{FAE04EC0-301F-11D3-BF4B-00C04F79EFBC}") = "WritingGit.App.Android.Bindings.Jgit", "WritingGit\WritingGit.App.Android.Bindings.Jgit\WritingGit.App.Android.Bindings.Jgit.csproj", "{B56C9781-E586-428E-8D81-B6457F84C5B1}"
EndProject
Global
	GlobalSection(SolutionConfigurationPlatforms) = preSolution
		Debug|Any CPU = Debug|Any CPU
		Debug|ARM = Debug|ARM
		Debug|iPhone = Debug|iPhone
		Debug|iPhoneSimulator = Debug|iPhoneSimulator
		Debug|x64 = Debug|x64
		Debug|x86 = Debug|x86
		Release|Any CPU = Release|Any CPU
		Release|ARM = Release|ARM
		Release|iPhone = Release|iPhone
		Release|iPhoneSimulator = Release|iPhoneSimulator
		Release|x64 = Release|x64
		Release|x86 = Release|x86
	EndGlobalSection
	GlobalSection(ProjectConfigurationPlatforms) = postSolution
		{24CE3C36-16B9-426D-AA0C-5961ECF8D88C}.Debug|Any CPU.ActiveCfg = Debug|Any CPU
		{24CE3C36-16B9-426D-AA0C-5961ECF8D88C}.Debug|Any CPU.Build.0 = Debug|Any CPU
		{24CE3C36-16B9-426D-AA0C-5961ECF8D88C}.Debug|Any CPU.Deploy.0 = Debug|Any CPU
		{24CE3C36-16B9-426D-AA0C-5961ECF8D88C}.Debug|ARM.ActiveCfg = Debug|Any CPU
		{24CE3C36-16B9-426D-AA0C-5961ECF8D88C}.Debug|ARM.Build.0 = Debug|Any CPU
		{24CE3C36-16B9-426D-AA0C-5961ECF8D88C}.Debug|ARM.Deploy.0 = Debug|Any CPU
		{24CE3C36-16B9-426D-AA0C-5961ECF8D88C}.Debug|iPhone.ActiveCfg = Debug|Any CPU
		{24CE3C36-16B9-426D-AA0C-5961ECF8D88C}.Debug|iPhone.Build.0 = Debug|Any CPU
		{24CE3C36-16B9-426D-AA0C-5961ECF8D88C}.Debug|iPhone.Deploy.0 = Debug|Any CPU
		{24CE3C36-16B9-426D-AA0C-5961ECF8D88C}.Debug|iPhoneSimulator.ActiveCfg = Debug|Any CPU
		{24CE3C36-16B9-426D-AA0C-5961ECF8D88C}.Debug|iPhoneSimulator.Build.0 = Debug|Any CPU
		{24CE3C36-16B9-426D-AA0C-5961ECF8D88C}.Debug|iPhoneSimulator.Deploy.0 = Debug|Any CPU
		{24CE3C36-16B9-426D-AA0C-5961ECF8D88C}.Debug|x64.ActiveCfg = Debug|Any CPU
		{24CE3C36-16B9-426D-AA0C-5961ECF8D88C}.Debug|x64.Build.0 = Debug|Any CPU
		{24CE3C36-16B9-426D-AA0C-5961ECF8D88C}.Debug|x64.Deploy.0 = Debug|Any CPU
		{24CE3C36-16B9-426D-AA0C-5961ECF8D88C}.Debug|x86.ActiveCfg = Debug|Any CPU
		{24CE3C36-16B9-426D-AA0C-5961ECF8D88C}.Debug|x86.Build.0 = Debug|Any CPU
		{24CE3C36-16B9-426D-AA0C-5961ECF8D88C}.Debug|x86.Deploy.0 = Debug|Any CPU
		{24CE3C36-16B9-426D-AA0C-5961ECF8D88C}.Release|Any CPU.ActiveCfg = Release|Any CPU
		{24CE3C36-16B9-426D-AA0C-5961ECF8D88C}.Release|Any CPU.Build.0 = Release|Any CPU
		{24CE3C36-16B9-426D-AA0C-5961ECF8D88C}.Release|Any CPU.Deploy.0 = Release|Any CPU
		{24CE3C36-16B9-426D-AA0C-5961ECF8D88C}.Release|ARM.ActiveCfg = Release|Any CPU
		{24CE3C36-16B9-426D-AA0C-5961ECF8D88C}.Release|ARM.Build.0 = Release|Any CPU
		{24CE3C36-16B9-426D-AA0C-5961ECF8D88C}.Release|ARM.Deploy.0 = Release|Any CPU
		{24CE3C36-16B9-426D-AA0C-5961ECF8D88C}.Release|iPhone.ActiveCfg = Release|Any CPU
		{24CE3C36-16B9-426D-AA0C-5961ECF8D88C}.Release|iPhone.Build.0 = Release|Any CPU
		{24CE3C36-16B9-426D-AA0C-5961ECF8D88C}.Release|iPhone.Deploy.0 = Release|Any CPU
		{24CE3C36-16B9-426D-AA0C-5961ECF8D88C}.Release|iPhoneSimulator.ActiveCfg = Release|Any CPU
		{24CE3C36-16B9-426D-AA0C-5961ECF8D88C}.Release|iPhoneSimulator.Build.0 = Release|Any CPU
		{24CE3C36-16B9-426D-AA0C-5961ECF8D88C}.Release|iPhoneSimulator.Deploy.0 = Release|Any CPU
		{24CE3C36-16B9-426D-AA0C-5961ECF8D88C}.Release|x64.ActiveCfg = Release|Any CPU
		{24CE3C36-16B9-426D-AA0C-5961ECF8D88C}.Release|x64.Build.0 = Release|Any CPU
		{24CE3C36-16B9-426D-AA0C-5961ECF8D88C}.Release|x64.Deploy.0 = Release|Any CPU
		{24CE3C36-16B9-426D-AA0C-5961ECF8D88C}.Release|x86.ActiveCfg = Release|Any CPU
		{24CE3C36-16B9-426D-AA0C-5961ECF8D88C}.Release|x86.Build.0 = Release|Any CPU
		{24CE3C36-16B9-426D-AA0C-5961ECF8D88C}.Release|x86.Deploy.0 = Release|Any CPU
		{B896F23A-A2E5-43A7-A75F-282129211A18}.Debug|Any CPU.ActiveCfg = Debug|iPhoneSimulator
		{B896F23A-A2E5-43A7-A75F-282129211A18}.Debug|Any CPU.Build.0 = Debug|iPhoneSimulator
		{B896F23A-A2E5-43A7-A75F-282129211A18}.Debug|Any CPU.Deploy.0 = Debug|iPhoneSimulator
		{B896F23A-A2E5-43A7-A75F-282129211A18}.Debug|ARM.ActiveCfg = Debug|iPhone
		{B896F23A-A2E5-43A7-A75F-282129211A18}.Debug|ARM.Build.0 = Debug|iPhone
		{B896F23A-A2E5-43A7-A75F-282129211A18}.Debug|ARM.Deploy.0 = Debug|iPhone
		{B896F23A-A2E5-43A7-A75F-282129211A18}.Debug|iPhone.ActiveCfg = Debug|iPhone
		{B896F23A-A2E5-43A7-A75F-282129211A18}.Debug|iPhone.Build.0 = Debug|iPhone
		{B896F23A-A2E5-43A7-A75F-282129211A18}.Debug|iPhone.Deploy.0 = Debug|iPhone
		{B896F23A-A2E5-43A7-A75F-282129211A18}.Debug|iPhoneSimulator.ActiveCfg = Debug|iPhoneSimulator
		{B896F23A-A2E5-43A7-A75F-282129211A18}.Debug|iPhoneSimulator.Build.0 = Debug|iPhoneSimulator
		{B896F23A-A2E5-43A7-A75F-282129211A18}.Debug|iPhoneSimulator.Deploy.0 = Debug|iPhoneSimulator
		{B896F23A-A2E5-43A7-A75F-282129211A18}.Debug|x64.ActiveCfg = Debug|iPhone
		{B896F23A-A2E5-43A7-A75F-282129211A18}.Debug|x64.Build.0 = Debug|iPhone
		{B896F23A-A2E5-43A7-A75F-282129211A18}.Debug|x64.Deploy.0 = Debug|iPhone
		{B896F23A-A2E5-43A7-A75F-282129211A18}.Debug|x86.ActiveCfg = Debug|iPhone
		{B896F23A-A2E5-43A7-A75F-282129211A18}.Debug|x86.Build.0 = Debug|iPhone
		{B896F23A-A2E5-43A7-A75F-282129211A18}.Debug|x86.Deploy.0 = Debug|iPhone
		{B896F23A-A2E5-43A7-A75F-282129211A18}.Release|Any CPU.ActiveCfg = Release|iPhone
		{B896F23A-A2E5-43A7-A75F-282129211A18}.Release|Any CPU.Build.0 = Release|iPhone
		{B896F23A-A2E5-43A7-A75F-282129211A18}.Release|Any CPU.Deploy.0 = Release|iPhone
		{B896F23A-A2E5-43A7-A75F-282129211A18}.Release|ARM.ActiveCfg = Release|iPhone
		{B896F23A-A2E5-43A7-A75F-282129211A18}.Release|ARM.Build.0 = Release|iPhone
		{B896F23A-A2E5-43A7-A75F-282129211A18}.Release|ARM.Deploy.0 = Release|iPhone
		{B896F23A-A2E5-43A7-A75F-282129211A18}.Release|iPhone.ActiveCfg = Release|iPhone
		{B896F23A-A2E5-43A7-A75F-282129211A18}.Release|iPhone.Build.0 = Release|iPhone
		{B896F23A-A2E5-43A7-A75F-282129211A18}.Release|iPhone.Deploy.0 = Release|iPhone
		{B896F23A-A2E5-43A7-A75F-282129211A18}.Release|iPhoneSimulator.ActiveCfg = Release|iPhoneSimulator
		{B896F23A-A2E5-43A7-A75F-282129211A18}.Release|iPhoneSimulator.Build.0 = Release|iPhoneSimulator
		{B896F23A-A2E5-43A7-A75F-282129211A18}.Release|iPhoneSimulator.Deploy.0 = Release|iPhoneSimulator
		{B896F23A-A2E5-43A7-A75F-282129211A18}.Release|x64.ActiveCfg = Release|iPhone
		{B896F23A-A2E5-43A7-A75F-282129211A18}.Release|x64.Build.0 = Release|iPhone
		{B896F23A-A2E5-43A7-A75F-282129211A18}.Release|x64.Deploy.0 = Release|iPhone
		{B896F23A-A2E5-43A7-A75F-282129211A18}.Release|x86.ActiveCfg = Release|iPhone
		{B896F23A-A2E5-43A7-A75F-282129211A18}.Release|x86.Build.0 = Release|iPhone
		{B896F23A-A2E5-43A7-A75F-282129211A18}.Release|x86.Deploy.0 = Release|iPhone
		{5B089D5B-3F1D-4C7F-8D4F-8F884C4D4843}.Debug|Any CPU.ActiveCfg = Debug|x86
		{5B089D5B-3F1D-4C7F-8D4F-8F884C4D4843}.Debug|Any CPU.Build.0 = Debug|x86
		{5B089D5B-3F1D-4C7F-8D4F-8F884C4D4843}.Debug|Any CPU.Deploy.0 = Debug|x86
		{5B089D5B-3F1D-4C7F-8D4F-8F884C4D4843}.Debug|ARM.ActiveCfg = Debug|ARM
		{5B089D5B-3F1D-4C7F-8D4F-8F884C4D4843}.Debug|ARM.Build.0 = Debug|ARM
		{5B089D5B-3F1D-4C7F-8D4F-8F884C4D4843}.Debug|ARM.Deploy.0 = Debug|ARM
		{5B089D5B-3F1D-4C7F-8D4F-8F884C4D4843}.Debug|iPhone.ActiveCfg = Debug|x86
		{5B089D5B-3F1D-4C7F-8D4F-8F884C4D4843}.Debug|iPhone.Build.0 = Debug|x86
		{5B089D5B-3F1D-4C7F-8D4F-8F884C4D4843}.Debug|iPhone.Deploy.0 = Debug|x86
		{5B089D5B-3F1D-4C7F-8D4F-8F884C4D4843}.Debug|iPhoneSimulator.ActiveCfg = Debug|x86
		{5B089D5B-3F1D-4C7F-8D4F-8F884C4D4843}.Debug|iPhoneSimulator.Build.0 = Debug|x86
		{5B089D5B-3F1D-4C7F-8D4F-8F884C4D4843}.Debug|iPhoneSimulator.Deploy.0 = Debug|x86
		{5B089D5B-3F1D-4C7F-8D4F-8F884C4D4843}.Debug|x64.ActiveCfg = Debug|x64
		{5B089D5B-3F1D-4C7F-8D4F-8F884C4D4843}.Debug|x64.Build.0 = Debug|x64
		{5B089D5B-3F1D-4C7F-8D4F-8F884C4D4843}.Debug|x64.Deploy.0 = Debug|x64
		{5B089D5B-3F1D-4C7F-8D4F-8F884C4D4843}.Debug|x86.ActiveCfg = Debug|x86
		{5B089D5B-3F1D-4C7F-8D4F-8F884C4D4843}.Debug|x86.Build.0 = Debug|x86
		{5B089D5B-3F1D-4C7F-8D4F-8F884C4D4843}.Debug|x86.Deploy.0 = Debug|x86
		{5B089D5B-3F1D-4C7F-8D4F-8F884C4D4843}.Release|Any CPU.ActiveCfg = Release|x86
		{5B089D5B-3F1D-4C7F-8D4F-8F884C4D4843}.Release|Any CPU.Build.0 = Release|x86
		{5B089D5B-3F1D-4C7F-8D4F-8F884C4D4843}.Release|Any CPU.Deploy.0 = Release|x86
		{5B089D5B-3F1D-4C7F-8D4F-8F884C4D4843}.Release|ARM.ActiveCfg = Release|ARM
		{5B089D5B-3F1D-4C7F-8D4F-8F884C4D4843}.Release|ARM.Build.0 = Release|ARM
		{5B089D5B-3F1D-4C7F-8D4F-8F884C4D4843}.Release|ARM.Deploy.0 = Release|ARM
		{5B089D5B-3F1D-4C7F-8D4F-8F884C4D4843}.Release|iPhone.ActiveCfg = Release|x86
		{5B089D5B-3F1D-4C7F-8D4F-8F884C4D4843}.Release|iPhone.Build.0 = Release|x86
		{5B089D5B-3F1D-4C7F-8D4F-8F884C4D4843}.Release|iPhone.Deploy.0 = Release|x86
		{5B089D5B-3F1D-4C7F-8D4F-8F884C4D4843}.Release|iPhoneSimulator.ActiveCfg = Release|x86
		{5B089D5B-3F1D-4C7F-8D4F-8F884C4D4843}.Release|iPhoneSimulator.Build.0 = Release|x86
		{5B089D5B-3F1D-4C7F-8D4F-8F884C4D4843}.Release|iPhoneSimulator.Deploy.0 = Release|x86
		{5B089D5B-3F1D-4C7F-8D4F-8F884C4D4843}.Release|x64.ActiveCfg = Release|x64
		{5B089D5B-3F1D-4C7F-8D4F-8F884C4D4843}.Release|x64.Build.0 = Release|x64
		{5B089D5B-3F1D-4C7F-8D4F-8F884C4D4843}.Release|x64.Deploy.0 = Release|x64
		{5B089D5B-3F1D-4C7F-8D4F-8F884C4D4843}.Release|x86.ActiveCfg = Release|x86
		{5B089D5B-3F1D-4C7F-8D4F-8F884C4D4843}.Release|x86.Build.0 = Release|x86
		{5B089D5B-3F1D-4C7F-8D4F-8F884C4D4843}.Release|x86.Deploy.0 = Release|x86
		{979905B0-FA8C-4653-89D4-02C519F471F9}.Debug|Any CPU.ActiveCfg = Debug|Any CPU
		{979905B0-FA8C-4653-89D4-02C519F471F9}.Debug|Any CPU.Build.0 = Debug|Any CPU
		{979905B0-FA8C-4653-89D4-02C519F471F9}.Debug|Any CPU.Deploy.0 = Debug|Any CPU
		{979905B0-FA8C-4653-89D4-02C519F471F9}.Debug|ARM.ActiveCfg = Debug|Any CPU
		{979905B0-FA8C-4653-89D4-02C519F471F9}.Debug|ARM.Build.0 = Debug|Any CPU
		{979905B0-FA8C-4653-89D4-02C519F471F9}.Debug|ARM.Deploy.0 = Debug|Any CPU
		{979905B0-FA8C-4653-89D4-02C519F471F9}.Debug|iPhone.ActiveCfg = Debug|Any CPU
		{979905B0-FA8C-4653-89D4-02C519F471F9}.Debug|iPhone.Build.0 = Debug|Any CPU
		{979905B0-FA8C-4653-89D4-02C519F471F9}.Debug|iPhone.Deploy.0 = Debug|Any CPU
		{979905B0-FA8C-4653-89D4-02C519F471F9}.Debug|iPhoneSimulator.ActiveCfg = Debug|Any CPU
		{979905B0-FA8C-4653-89D4-02C519F471F9}.Debug|iPhoneSimulator.Build.0 = Debug|Any CPU
		{979905B0-FA8C-4653-89D4-02C519F471F9}.Debug|iPhoneSimulator.Deploy.0 = Debug|Any CPU
		{979905B0-FA8C-4653-89D4-02C519F471F9}.Debug|x64.ActiveCfg = Debug|Any CPU
		{979905B0-FA8C-4653-89D4-02C519F471F9}.Debug|x64.Build.0 = Debug|Any CPU
		{979905B0-FA8C-4653-89D4-02C519F471F9}.Debug|x64.Deploy.0 = Debug|Any CPU
		{979905B0-FA8C-4653-89D4-02C519F471F9}.Debug|x86.ActiveCfg = Debug|Any CPU
		{979905B0-FA8C-4653-89D4-02C519F471F9}.Debug|x86.Build.0 = Debug|Any CPU
		{979905B0-FA8C-4653-89D4-02C519F471F9}.Debug|x86.Deploy.0 = Debug|Any CPU
		{979905B0-FA8C-4653-89D4-02C519F471F9}.Release|Any CPU.ActiveCfg = Release|Any CPU
		{979905B0-FA8C-4653-89D4-02C519F471F9}.Release|Any CPU.Build.0 = Release|Any CPU
		{979905B0-FA8C-4653-89D4-02C519F471F9}.Release|Any CPU.Deploy.0 = Release|Any CPU
		{979905B0-FA8C-4653-89D4-02C519F471F9}.Release|ARM.ActiveCfg = Release|Any CPU
		{979905B0-FA8C-4653-89D4-02C519F471F9}.Release|ARM.Build.0 = Release|Any CPU
		{979905B0-FA8C-4653-89D4-02C519F471F9}.Release|ARM.Deploy.0 = Release|Any CPU
		{979905B0-FA8C-4653-89D4-02C519F471F9}.Release|iPhone.ActiveCfg = Release|Any CPU
		{979905B0-FA8C-4653-89D4-02C519F471F9}.Release|iPhone.Build.0 = Release|Any CPU
		{979905B0-FA8C-4653-89D4-02C519F471F9}.Release|iPhone.Deploy.0 = Release|Any CPU
		{979905B0-FA8C-4653-89D4-02C519F471F9}.Release|iPhoneSimulator.ActiveCfg = Release|Any CPU
		{979905B0-FA8C-4653-89D4-02C519F471F9}.Release|iPhoneSimulator.Build.0 = Release|Any CPU
		{979905B0-FA8C-4653-89D4-02C519F471F9}.Release|iPhoneSimulator.Deploy.0 = Release|Any CPU
		{979905B0-FA8C-4653-89D4-02C519F471F9}.Release|x64.ActiveCfg = Release|Any CPU
		{979905B0-FA8C-4653-89D4-02C519F471F9}.Release|x64.Build.0 = Release|Any CPU
		{979905B0-FA8C-4653-89D4-02C519F471F9}.Release|x64.Deploy.0 = Release|Any CPU
		{979905B0-FA8C-4653-89D4-02C519F471F9}.Release|x86.ActiveCfg = Release|Any CPU
		{979905B0-FA8C-4653-89D4-02C519F471F9}.Release|x86.Build.0 = Release|Any CPU
		{979905B0-FA8C-4653-89D4-02C519F471F9}.Release|x86.Deploy.0 = Release|Any CPU
		{B56C9781-E586-428E-8D81-B6457F84C5B1}.Debug|Any CPU.ActiveCfg = Debug|Any CPU
		{B56C9781-E586-428E-8D81-B6457F84C5B1}.Debug|Any CPU.Build.0 = Debug|Any CPU
		{B56C9781-E586-428E-8D81-B6457F84C5B1}.Debug|ARM.ActiveCfg = Debug|Any CPU
		{B56C9781-E586-428E-8D81-B6457F84C5B1}.Debug|ARM.Build.0 = Debug|Any CPU
		{B56C9781-E586-428E-8D81-B6457F84C5B1}.Debug|iPhone.ActiveCfg = Debug|Any CPU
		{B56C9781-E586-428E-8D81-B6457F84C5B1}.Debug|iPhone.Build.0 = Debug|Any CPU
		{B56C9781-E586-428E-8D81-B6457F84C5B1}.Debug|iPhoneSimulator.ActiveCfg = Debug|Any CPU
		{B56C9781-E586-428E-8D81-B6457F84C5B1}.Debug|iPhoneSimulator.Build.0 = Debug|Any CPU
		{B56C9781-E586-428E-8D81-B6457F84C5B1}.Debug|x64.ActiveCfg = Debug|Any CPU
		{B56C9781-E586-428E-8D81-B6457F84C5B1}.Debug|x64.Build.0 = Debug|Any CPU
		{B56C9781-E586-428E-8D81-B6457F84C5B1}.Debug|x86.ActiveCfg = Debug|Any CPU
		{B56C9781-E586-428E-8D81-B6457F84C5B1}.Debug|x86.Build.0 = Debug|Any CPU
		{B56C9781-E586-428E-8D81-B6457F84C5B1}.Release|Any CPU.ActiveCfg = Release|Any CPU
		{B56C9781-E586-428E-8D81-B6457F84C5B1}.Release|Any CPU.Build.0 = Release|Any CPU
		{B56C9781-E586-428E-8D81-B6457F84C5B1}.Release|ARM.ActiveCfg = Release|Any CPU
		{B56C9781-E586-428E-8D81-B6457F84C5B1}.Release|ARM.Build.0 = Release|Any CPU
		{B56C9781-E586-428E-8D81-B6457F84C5B1}.Release|iPhone.ActiveCfg = Release|Any CPU
		{B56C9781-E586-428E-8D81-B6457F84C5B1}.Release|iPhone.Build.0 = Release|Any CPU
		{B56C9781-E586-428E-8D81-B6457F84C5B1}.Release|iPhoneSimulator.ActiveCfg = Release|Any CPU
		{B56C9781-E586-428E-8D81-B6457F84C5B1}.Release|iPhoneSimulator.Build.0 = Release|Any CPU
		{B56C9781-E586-428E-8D81-B6457F84C5B1}.Release|x64.ActiveCfg = Release|Any CPU
		{B56C9781-E586-428E-8D81-B6457F84C5B1}.Release|x64.Build.0 = Release|Any CPU
		{B56C9781-E586-428E-8D81-B6457F84C5B1}.Release|x86.ActiveCfg = Release|Any CPU
		{B56C9781-E586-428E-8D81-B6457F84C5B1}.Release|x86.Build.0 = Release|Any CPU
	EndGlobalSection
	GlobalSection(SolutionProperties) = preSolution
		HideSolutionNode = FALSE
	EndGlobalSection
	GlobalSection(ExtensibilityGlobals) = postSolution
		SolutionGuid = {DB12D68D-9FAD-4408-B48D-C15AE93DCB1C}
	EndGlobalSection
EndGlobal
